
Microsoft Visual Studio Solution File, Format Version 12.00
# Visual Studio 15
VisualStudioVersion = 15.0.28010.2019
MinimumVisualStudioVersion = 10.0.40219.1
Project("{FAE04EC0-301F-11D3-BF4B-00C04F79EFBC}") = "BackgroundTaskWithHangfire", "BackgroundTaskWithHangfire\BackgroundTaskWithHangfire.csproj", "{A150FCFB-236E-4BBB-9E3B-CE1462A59A85}"
EndProject
Global
	GlobalSection(SolutionConfigurationPlatforms) = preSolution
		Debug|Any CPU = Debug|Any CPU
		Release|Any CPU = Release|Any CPU
	EndGlobalSection
	GlobalSection(ProjectConfigurationPlatforms) = postSolution
		{A150FCFB-236E-4BBB-9E3B-CE1462A59A85}.Debug|Any CPU.ActiveCfg = Debug|Any CPU
		{A150FCFB-236E-4BBB-9E3B-CE1462A59A85}.Debug|Any CPU.Build.0 = Debug|Any CPU
		{A150FCFB-236E-4BBB-9E3B-CE1462A59A85}.Release|Any CPU.ActiveCfg = Release|Any CPU
		{A150FCFB-236E-4BBB-9E3B-CE1462A59A85}.Release|Any CPU.Build.0 = Release|Any CPU
	EndGlobalSection
	GlobalSection(SolutionProperties) = preSolution
		HideSolutionNode = FALSE
	EndGlobalSection
	GlobalSection(ExtensibilityGlobals) = postSolution
		SolutionGuid = {214A555A-61DE-4D74-B807-01F37F22BD98}
	EndGlobalSection
EndGlobal
